
Microsoft Visual Studio Solution File, Format Version 12.00
# Visual Studio Version 16
VisualStudioVersion = 16.0.31613.86
MinimumVisualStudioVersion = 10.0.40219.1
Project("{FAE04EC0-301F-11D3-BF4B-00C04F79EFBC}") = "Lab1", "Lab1\Lab1.csproj", "{583C03A6-F3B2-486D-9915-3DC171513261}"
EndProject
Global
	GlobalSection(SolutionConfigurationPlatforms) = preSolution
		Debug|Any CPU = Debug|Any CPU
		Release|Any CPU = Release|Any CPU
	EndGlobalSection
	GlobalSection(ProjectConfigurationPlatforms) = postSolution
		{583C03A6-F3B2-486D-9915-3DC171513261}.Debug|Any CPU.ActiveCfg = Debug|Any CPU
		{583C03A6-F3B2-486D-9915-3DC171513261}.Debug|Any CPU.Build.0 = Debug|Any CPU
		{583C03A6-F3B2-486D-9915-3DC171513261}.Release|Any CPU.ActiveCfg = Release|Any CPU
		{583C03A6-F3B2-486D-9915-3DC171513261}.Release|Any CPU.Build.0 = Release|Any CPU
	EndGlobalSection
	GlobalSection(SolutionProperties) = preSolution
		HideSolutionNode = FALSE
	EndGlobalSection
	GlobalSection(ExtensibilityGlobals) = postSolution
		SolutionGuid = {A840C88F-ACDA-4D07-AEDA-5984BBB81081}
	EndGlobalSection
EndGlobal
